// !$*UTF8*$!
{
	archiveVersion = 1;
	classes = {
	};
	objectVersion = 55;
	objects = {

/* Begin PBXBuildFile section */
		2E1FFD5828E0B1BC00B8E260 /* BaseViewController.swift in Sources */ = {isa = PBXBuildFile; fileRef = 2E1FFD5728E0B1BC00B8E260 /* BaseViewController.swift */; };
		2E34CF2428E722F70020AA8E /* AppetitoTextField.swift in Sources */ = {isa = PBXBuildFile; fileRef = 2E34CF2328E722F70020AA8E /* AppetitoTextField.swift */; };
		2E4C5A5728B99838003712C5 /* AppDelegate.swift in Sources */ = {isa = PBXBuildFile; fileRef = 2E4C5A5628B99838003712C5 /* AppDelegate.swift */; };
		2E4C5A5928B99838003712C5 /* SceneDelegate.swift in Sources */ = {isa = PBXBuildFile; fileRef = 2E4C5A5828B99838003712C5 /* SceneDelegate.swift */; };
		2E4C5A5B28B99838003712C5 /* LoginViewController.swift in Sources */ = {isa = PBXBuildFile; fileRef = 2E4C5A5A28B99838003712C5 /* LoginViewController.swift */; };
		2E4C5A6028B9983B003712C5 /* Assets.xcassets in Resources */ = {isa = PBXBuildFile; fileRef = 2E4C5A5F28B9983B003712C5 /* Assets.xcassets */; };
		2E4C5A6328B9983B003712C5 /* LaunchScreen.storyboard in Resources */ = {isa = PBXBuildFile; fileRef = 2E4C5A6128B9983B003712C5 /* LaunchScreen.storyboard */; };
		2E4C5A6C28B998C4003712C5 /* ViewConfiguration.swift in Sources */ = {isa = PBXBuildFile; fileRef = 2E4C5A6B28B998C4003712C5 /* ViewConfiguration.swift */; };
		2E4C5A7128B99C6C003712C5 /* AppButton.swift in Sources */ = {isa = PBXBuildFile; fileRef = 2E4C5A7028B99C6C003712C5 /* AppButton.swift */; };
		2E4C5A7628B9AA0E003712C5 /* InitialView.swift in Sources */ = {isa = PBXBuildFile; fileRef = 2E4C5A7528B9AA0E003712C5 /* InitialView.swift */; };
		2EC8EE6828E526F000CA4422 /* AppetitoCoreData.xcdatamodeld in Sources */ = {isa = PBXBuildFile; fileRef = 2EC8EE6628E526F000CA4422 /* AppetitoCoreData.xcdatamodeld */; };
		2EC8EE8E28E528BC00CA4422 /* CoreDataManager.swift in Sources */ = {isa = PBXBuildFile; fileRef = 2EC8EE8D28E528BC00CA4422 /* CoreDataManager.swift */; };
		2EC8EE9128E52F0300CA4422 /* User+CoreDataClass.swift in Sources */ = {isa = PBXBuildFile; fileRef = 2EC8EE8F28E52F0300CA4422 /* User+CoreDataClass.swift */; };
		2EC8EE9228E52F0300CA4422 /* User+CoreDataProperties.swift in Sources */ = {isa = PBXBuildFile; fileRef = 2EC8EE9028E52F0300CA4422 /* User+CoreDataProperties.swift */; };
		3AD7824628BDD2EF00BD679C /* RestaurantCollectionViewCellCollectionViewCell.swift in Sources */ = {isa = PBXBuildFile; fileRef = 3AD7824528BDD2EF00BD679C /* RestaurantCollectionViewCellCollectionViewCell.swift */; };
		3AF89B0828C066A000585BFF /* ReservationViewController.swift in Sources */ = {isa = PBXBuildFile; fileRef = 3AF89B0728C066A000585BFF /* ReservationViewController.swift */; };
		3AF89B0A28C07D8000585BFF /* ReservationView.swift in Sources */ = {isa = PBXBuildFile; fileRef = 3AF89B0928C07D8000585BFF /* ReservationView.swift */; };
		4B46482E28D1636A004CE5EE /* NetworkManager.swift in Sources */ = {isa = PBXBuildFile; fileRef = 4B46482D28D1636A004CE5EE /* NetworkManager.swift */; };
		4B46483128D163C5004CE5EE /* CEPModel.swift in Sources */ = {isa = PBXBuildFile; fileRef = 4B46483028D163C5004CE5EE /* CEPModel.swift */; };
		4B46483428D168E6004CE5EE /* RegisterAddressViewController.swift in Sources */ = {isa = PBXBuildFile; fileRef = 4B46483328D168E6004CE5EE /* RegisterAddressViewController.swift */; };
		4B46483628D168F0004CE5EE /* RegisterAddressView.swift in Sources */ = {isa = PBXBuildFile; fileRef = 4B46483528D168F0004CE5EE /* RegisterAddressView.swift */; };
		4B46483828D16D87004CE5EE /* CustomAlert.swift in Sources */ = {isa = PBXBuildFile; fileRef = 4B46483728D16D87004CE5EE /* CustomAlert.swift */; };
		4B46483A28D17137004CE5EE /* RegisterAddressViewModel.swift in Sources */ = {isa = PBXBuildFile; fileRef = 4B46483928D17137004CE5EE /* RegisterAddressViewModel.swift */; };
		9106A1BD28E0C3EB00AD0270 /* GoogleService-Info.plist in Resources */ = {isa = PBXBuildFile; fileRef = 9106A1BC28E0C3EB00AD0270 /* GoogleService-Info.plist */; };
		911E792C28BD353C00CF4F1B /* InitialViewController.swift in Sources */ = {isa = PBXBuildFile; fileRef = 911E792B28BD353C00CF4F1B /* InitialViewController.swift */; };
		911E792E28BD4BE300CF4F1B /* LoginView.swift in Sources */ = {isa = PBXBuildFile; fileRef = 911E792D28BD4BE300CF4F1B /* LoginView.swift */; };
		9149393528C145B3005C7B83 /* MyReservationViewController.swift in Sources */ = {isa = PBXBuildFile; fileRef = 9149393428C145B3005C7B83 /* MyReservationViewController.swift */; };
		9149393728C145C4005C7B83 /* MyReservationView.swift in Sources */ = {isa = PBXBuildFile; fileRef = 9149393628C145C4005C7B83 /* MyReservationView.swift */; };
		916D8F4D28DBBDBA00805C8E /* ExtensionRagex.swift in Sources */ = {isa = PBXBuildFile; fileRef = 916D8F4C28DBBDBA00805C8E /* ExtensionRagex.swift */; };
		9197817C28DA100D00766228 /* RestaurantModel.swift in Sources */ = {isa = PBXBuildFile; fileRef = 9197817B28DA100D00766228 /* RestaurantModel.swift */; };
		9197818428DA339D00766228 /* server-response.json in Resources */ = {isa = PBXBuildFile; fileRef = 9197817A28DA0FBC00766228 /* server-response.json */; };
		91AC831128BD9D2700EC98DE /* RegisterViewController.swift in Sources */ = {isa = PBXBuildFile; fileRef = 91AC831028BD9D2700EC98DE /* RegisterViewController.swift */; };
		91AC831328BD9D3700EC98DE /* RegisterView.swift in Sources */ = {isa = PBXBuildFile; fileRef = 91AC831228BD9D3700EC98DE /* RegisterView.swift */; };
		91AC831628BDB44D00EC98DE /* HomeViewController.swift in Sources */ = {isa = PBXBuildFile; fileRef = 91AC831528BDB44D00EC98DE /* HomeViewController.swift */; };
		91AC831828BDB46000EC98DE /* HomeView.swift in Sources */ = {isa = PBXBuildFile; fileRef = 91AC831728BDB46000EC98DE /* HomeView.swift */; };
		91D18C9528D274350036AFD5 /* PerfilView.swift in Sources */ = {isa = PBXBuildFile; fileRef = 91D18C9428D274350036AFD5 /* PerfilView.swift */; };
		91D18C9728D274660036AFD5 /* PerfilViewController.swift in Sources */ = {isa = PBXBuildFile; fileRef = 91D18C9628D274660036AFD5 /* PerfilViewController.swift */; };
		91D78A0628BEAB0F00582AC6 /* InfosView.swift in Sources */ = {isa = PBXBuildFile; fileRef = 91D78A0528BEAB0F00582AC6 /* InfosView.swift */; };
		91D78A0828BEAB2200582AC6 /* InfosViewController.swift in Sources */ = {isa = PBXBuildFile; fileRef = 91D78A0728BEAB2200582AC6 /* InfosViewController.swift */; };
		91D78A0A28BEB3E700582AC6 /* CarouselCollectionViewCell.swift in Sources */ = {isa = PBXBuildFile; fileRef = 91D78A0928BEB3E700582AC6 /* CarouselCollectionViewCell.swift */; };
		91F43D4C28E28F5F00F42AFA /* MyReservationTableViewCell.swift in Sources */ = {isa = PBXBuildFile; fileRef = 91F43D4B28E28F5F00F42AFA /* MyReservationTableViewCell.swift */; };
		E1610E0314AAB3BC5527EEBD /* Pods_Appetito.framework in Frameworks */ = {isa = PBXBuildFile; fileRef = 3F54A130E146973B55E90AFE /* Pods_Appetito.framework */; };
/* End PBXBuildFile section */

/* Begin PBXFileReference section */
		2E1FFD5728E0B1BC00B8E260 /* BaseViewController.swift */ = {isa = PBXFileReference; lastKnownFileType = sourcecode.swift; path = BaseViewController.swift; sourceTree = "<group>"; };
		2E3121EA28E0D40400D012BF /* Appetito.app */ = {isa = PBXFileReference; explicitFileType = wrapper.application; includeInIndex = 0; path = Appetito.app; sourceTree = BUILT_PRODUCTS_DIR; };
		2E3121EC28E0D44900D012BF /* Appetito.app */ = {isa = PBXFileReference; lastKnownFileType = wrapper.application; name = Appetito.app; path = "../../../Library/Developer/Xcode/DerivedData/Appetito-alqgrzhxkcwvptfthorwpnorwckk/Build/Products/Debug-iphonesimulator/Appetito.app"; sourceTree = "<group>"; };
		2E34CF2328E722F70020AA8E /* AppetitoTextField.swift */ = {isa = PBXFileReference; lastKnownFileType = sourcecode.swift; path = AppetitoTextField.swift; sourceTree = "<group>"; };
		2E4C5A5628B99838003712C5 /* AppDelegate.swift */ = {isa = PBXFileReference; lastKnownFileType = sourcecode.swift; path = AppDelegate.swift; sourceTree = "<group>"; };
		2E4C5A5828B99838003712C5 /* SceneDelegate.swift */ = {isa = PBXFileReference; lastKnownFileType = sourcecode.swift; path = SceneDelegate.swift; sourceTree = "<group>"; };
		2E4C5A5A28B99838003712C5 /* LoginViewController.swift */ = {isa = PBXFileReference; lastKnownFileType = sourcecode.swift; path = LoginViewController.swift; sourceTree = "<group>"; };
		2E4C5A5F28B9983B003712C5 /* Assets.xcassets */ = {isa = PBXFileReference; lastKnownFileType = folder.assetcatalog; path = Assets.xcassets; sourceTree = "<group>"; };
		2E4C5A6228B9983B003712C5 /* Base */ = {isa = PBXFileReference; lastKnownFileType = file.storyboard; name = Base; path = Base.lproj/LaunchScreen.storyboard; sourceTree = "<group>"; };
		2E4C5A6428B9983B003712C5 /* Info.plist */ = {isa = PBXFileReference; lastKnownFileType = text.plist.xml; path = Info.plist; sourceTree = "<group>"; };
		2E4C5A6B28B998C4003712C5 /* ViewConfiguration.swift */ = {isa = PBXFileReference; lastKnownFileType = sourcecode.swift; path = ViewConfiguration.swift; sourceTree = "<group>"; };
		2E4C5A7028B99C6C003712C5 /* AppButton.swift */ = {isa = PBXFileReference; lastKnownFileType = sourcecode.swift; path = AppButton.swift; sourceTree = "<group>"; };
		2E4C5A7528B9AA0E003712C5 /* InitialView.swift */ = {isa = PBXFileReference; lastKnownFileType = sourcecode.swift; path = InitialView.swift; sourceTree = "<group>"; };
		2EC8EE6728E526F000CA4422 /* AppetitoCoreData.xcdatamodel */ = {isa = PBXFileReference; lastKnownFileType = wrapper.xcdatamodel; path = AppetitoCoreData.xcdatamodel; sourceTree = "<group>"; };
		2EC8EE8D28E528BC00CA4422 /* CoreDataManager.swift */ = {isa = PBXFileReference; lastKnownFileType = sourcecode.swift; path = CoreDataManager.swift; sourceTree = "<group>"; };
		2EC8EE8F28E52F0300CA4422 /* User+CoreDataClass.swift */ = {isa = PBXFileReference; lastKnownFileType = sourcecode.swift; path = "User+CoreDataClass.swift"; sourceTree = "<group>"; };
		2EC8EE9028E52F0300CA4422 /* User+CoreDataProperties.swift */ = {isa = PBXFileReference; lastKnownFileType = sourcecode.swift; path = "User+CoreDataProperties.swift"; sourceTree = "<group>"; };
		3AD7824528BDD2EF00BD679C /* RestaurantCollectionViewCellCollectionViewCell.swift */ = {isa = PBXFileReference; lastKnownFileType = sourcecode.swift; path = RestaurantCollectionViewCellCollectionViewCell.swift; sourceTree = "<group>"; };
		3AF89B0728C066A000585BFF /* ReservationViewController.swift */ = {isa = PBXFileReference; lastKnownFileType = sourcecode.swift; path = ReservationViewController.swift; sourceTree = "<group>"; };
		3AF89B0928C07D8000585BFF /* ReservationView.swift */ = {isa = PBXFileReference; lastKnownFileType = sourcecode.swift; path = ReservationView.swift; sourceTree = "<group>"; };
		3F54A130E146973B55E90AFE /* Pods_Appetito.framework */ = {isa = PBXFileReference; explicitFileType = wrapper.framework; includeInIndex = 0; path = Pods_Appetito.framework; sourceTree = BUILT_PRODUCTS_DIR; };
		4B46482D28D1636A004CE5EE /* NetworkManager.swift */ = {isa = PBXFileReference; lastKnownFileType = sourcecode.swift; path = NetworkManager.swift; sourceTree = "<group>"; };
		4B46483028D163C5004CE5EE /* CEPModel.swift */ = {isa = PBXFileReference; lastKnownFileType = sourcecode.swift; path = CEPModel.swift; sourceTree = "<group>"; };
		4B46483328D168E6004CE5EE /* RegisterAddressViewController.swift */ = {isa = PBXFileReference; lastKnownFileType = sourcecode.swift; path = RegisterAddressViewController.swift; sourceTree = "<group>"; };
		4B46483528D168F0004CE5EE /* RegisterAddressView.swift */ = {isa = PBXFileReference; lastKnownFileType = sourcecode.swift; path = RegisterAddressView.swift; sourceTree = "<group>"; };
		4B46483728D16D87004CE5EE /* CustomAlert.swift */ = {isa = PBXFileReference; lastKnownFileType = sourcecode.swift; path = CustomAlert.swift; sourceTree = "<group>"; };
		4B46483928D17137004CE5EE /* RegisterAddressViewModel.swift */ = {isa = PBXFileReference; lastKnownFileType = sourcecode.swift; path = RegisterAddressViewModel.swift; sourceTree = "<group>"; };
		8ECAEAAA4B9B36E0E30F272B /* Pods-Appetito.release.xcconfig */ = {isa = PBXFileReference; includeInIndex = 1; lastKnownFileType = text.xcconfig; name = "Pods-Appetito.release.xcconfig"; path = "Target Support Files/Pods-Appetito/Pods-Appetito.release.xcconfig"; sourceTree = "<group>"; };
		9106A1BC28E0C3EB00AD0270 /* GoogleService-Info.plist */ = {isa = PBXFileReference; fileEncoding = 4; lastKnownFileType = text.plist.xml; path = "GoogleService-Info.plist"; sourceTree = "<group>"; };
		911E792B28BD353C00CF4F1B /* InitialViewController.swift */ = {isa = PBXFileReference; lastKnownFileType = sourcecode.swift; path = InitialViewController.swift; sourceTree = "<group>"; };
		911E792D28BD4BE300CF4F1B /* LoginView.swift */ = {isa = PBXFileReference; lastKnownFileType = sourcecode.swift; path = LoginView.swift; sourceTree = "<group>"; };
		9149393428C145B3005C7B83 /* MyReservationViewController.swift */ = {isa = PBXFileReference; lastKnownFileType = sourcecode.swift; path = MyReservationViewController.swift; sourceTree = "<group>"; };
		9149393628C145C4005C7B83 /* MyReservationView.swift */ = {isa = PBXFileReference; lastKnownFileType = sourcecode.swift; path = MyReservationView.swift; sourceTree = "<group>"; };
		916D8F4C28DBBDBA00805C8E /* ExtensionRagex.swift */ = {isa = PBXFileReference; lastKnownFileType = sourcecode.swift; path = ExtensionRagex.swift; sourceTree = "<group>"; };
		9197817A28DA0FBC00766228 /* server-response.json */ = {isa = PBXFileReference; lastKnownFileType = text.json; path = "server-response.json"; sourceTree = "<group>"; };
		9197817B28DA100D00766228 /* RestaurantModel.swift */ = {isa = PBXFileReference; lastKnownFileType = sourcecode.swift; path = RestaurantModel.swift; sourceTree = "<group>"; };
		91AC831028BD9D2700EC98DE /* RegisterViewController.swift */ = {isa = PBXFileReference; lastKnownFileType = sourcecode.swift; path = RegisterViewController.swift; sourceTree = "<group>"; };
		91AC831228BD9D3700EC98DE /* RegisterView.swift */ = {isa = PBXFileReference; lastKnownFileType = sourcecode.swift; path = RegisterView.swift; sourceTree = "<group>"; };
		91AC831528BDB44D00EC98DE /* HomeViewController.swift */ = {isa = PBXFileReference; lastKnownFileType = sourcecode.swift; path = HomeViewController.swift; sourceTree = "<group>"; };
		91AC831728BDB46000EC98DE /* HomeView.swift */ = {isa = PBXFileReference; lastKnownFileType = sourcecode.swift; path = HomeView.swift; sourceTree = "<group>"; };
		91D18C9428D274350036AFD5 /* PerfilView.swift */ = {isa = PBXFileReference; lastKnownFileType = sourcecode.swift; path = PerfilView.swift; sourceTree = "<group>"; };
		91D18C9628D274660036AFD5 /* PerfilViewController.swift */ = {isa = PBXFileReference; lastKnownFileType = sourcecode.swift; path = PerfilViewController.swift; sourceTree = "<group>"; };
		91D78A0528BEAB0F00582AC6 /* InfosView.swift */ = {isa = PBXFileReference; lastKnownFileType = sourcecode.swift; path = InfosView.swift; sourceTree = "<group>"; };
		91D78A0728BEAB2200582AC6 /* InfosViewController.swift */ = {isa = PBXFileReference; lastKnownFileType = sourcecode.swift; path = InfosViewController.swift; sourceTree = "<group>"; };
		91D78A0928BEB3E700582AC6 /* CarouselCollectionViewCell.swift */ = {isa = PBXFileReference; lastKnownFileType = sourcecode.swift; path = CarouselCollectionViewCell.swift; sourceTree = "<group>"; };
		91F43D4B28E28F5F00F42AFA /* MyReservationTableViewCell.swift */ = {isa = PBXFileReference; lastKnownFileType = sourcecode.swift; path = MyReservationTableViewCell.swift; sourceTree = "<group>"; };
		FCF4B613F44AF0D786D555A3 /* Pods-Appetito.debug.xcconfig */ = {isa = PBXFileReference; includeInIndex = 1; lastKnownFileType = text.xcconfig; name = "Pods-Appetito.debug.xcconfig"; path = "Target Support Files/Pods-Appetito/Pods-Appetito.debug.xcconfig"; sourceTree = "<group>"; };
/* End PBXFileReference section */

/* Begin PBXFrameworksBuildPhase section */
		2E4C5A5028B99838003712C5 /* Frameworks */ = {
			isa = PBXFrameworksBuildPhase;
			buildActionMask = 2147483647;
			files = (
				E1610E0314AAB3BC5527EEBD /* Pods_Appetito.framework in Frameworks */,
			);
			runOnlyForDeploymentPostprocessing = 0;
		};
/* End PBXFrameworksBuildPhase section */

/* Begin PBXGroup section */
		2E1FFD5628E0B19F00B8E260 /* Extensions */ = {
			isa = PBXGroup;
			children = (
				916D8F4C28DBBDBA00805C8E /* ExtensionRagex.swift */,
			);
			path = Extensions;
			sourceTree = "<group>";
		};
		2E4C5A4A28B99838003712C5 = {
			isa = PBXGroup;
			children = (
				2E4C5A5528B99838003712C5 /* Appetito */,
				9E84DB15DCCE8DEFDDDC7D63 /* Pods */,
				AD16716E91CAB35FC6583D01 /* Frameworks */,
				2E3121EA28E0D40400D012BF /* Appetito.app */,
			);
			sourceTree = "<group>";
		};
		2E4C5A5528B99838003712C5 /* Appetito */ = {
			isa = PBXGroup;
			children = (
				2E4C5A5628B99838003712C5 /* AppDelegate.swift */,
				2E4C5A5828B99838003712C5 /* SceneDelegate.swift */,
				2E4C5A6E28B99902003712C5 /* Files */,
				2E1FFD5628E0B19F00B8E260 /* Extensions */,
				2E4C5A6A28B998B6003712C5 /* Helpers */,
				4B46482C28D16306004CE5EE /* Network */,
				2E4C5A6F28B99C48003712C5 /* Components */,
				4B46482F28D163BA004CE5EE /* Model */,
				2E4C5A6D28B998D4003712C5 /* Controllers */,
				2EC8EE6928E526F800CA4422 /* CoreData */,
			);
			path = Appetito;
			sourceTree = "<group>";
		};
		2E4C5A6A28B998B6003712C5 /* Helpers */ = {
			isa = PBXGroup;
			children = (
				2E4C5A6B28B998C4003712C5 /* ViewConfiguration.swift */,
			);
			path = Helpers;
			sourceTree = "<group>";
		};
		2E4C5A6D28B998D4003712C5 /* Controllers */ = {
			isa = PBXGroup;
			children = (
				2E4C5A7428B9AA00003712C5 /* Initial */,
				911E792F28BD602600CF4F1B /* Login */,
				911E793028BD603300CF4F1B /* Register */,
				91AC831428BDB41B00EC98DE /* Home */,
				91D18C9328D274260036AFD5 /* Perfil */,
				3AF89B0628C0666800585BFF /* Reservation */,
				9149393328C14595005C7B83 /* MyReservation */,
				91D78A0428BEAAFA00582AC6 /* Infos */,
			);
			path = Controllers;
			sourceTree = "<group>";
		};
		2E4C5A6E28B99902003712C5 /* Files */ = {
			isa = PBXGroup;
			children = (
				2E4C5A5F28B9983B003712C5 /* Assets.xcassets */,
				2E4C5A6128B9983B003712C5 /* LaunchScreen.storyboard */,
				9106A1BC28E0C3EB00AD0270 /* GoogleService-Info.plist */,
				2E4C5A6428B9983B003712C5 /* Info.plist */,
			);
			name = Files;
			sourceTree = "<group>";
		};
		2E4C5A6F28B99C48003712C5 /* Components */ = {
			isa = PBXGroup;
			children = (
				2E1FFD5728E0B1BC00B8E260 /* BaseViewController.swift */,
				2E4C5A7028B99C6C003712C5 /* AppButton.swift */,
				4B46483728D16D87004CE5EE /* CustomAlert.swift */,
				2E34CF2328E722F70020AA8E /* AppetitoTextField.swift */,
			);
			path = Components;
			sourceTree = "<group>";
		};
		2E4C5A7428B9AA00003712C5 /* Initial */ = {
			isa = PBXGroup;
			children = (
				2E4C5A7528B9AA0E003712C5 /* InitialView.swift */,
				911E792B28BD353C00CF4F1B /* InitialViewController.swift */,
			);
			path = Initial;
			sourceTree = "<group>";
		};
		2EC8EE6928E526F800CA4422 /* CoreData */ = {
			isa = PBXGroup;
			children = (
				2EC8EE9328E52F0D00CA4422 /* DBUser */,
				2EC8EE8D28E528BC00CA4422 /* CoreDataManager.swift */,
				2EC8EE6628E526F000CA4422 /* AppetitoCoreData.xcdatamodeld */,
			);
			path = CoreData;
			sourceTree = "<group>";
		};
		2EC8EE9328E52F0D00CA4422 /* DBUser */ = {
			isa = PBXGroup;
			children = (
				2EC8EE8F28E52F0300CA4422 /* User+CoreDataClass.swift */,
				2EC8EE9028E52F0300CA4422 /* User+CoreDataProperties.swift */,
			);
			path = DBUser;
			sourceTree = "<group>";
		};
		3AF89B0628C0666800585BFF /* Reservation */ = {
			isa = PBXGroup;
			children = (
				3AF89B0928C07D8000585BFF /* ReservationView.swift */,
				3AF89B0728C066A000585BFF /* ReservationViewController.swift */,
			);
			path = Reservation;
			sourceTree = "<group>";
		};
		4B46482C28D16306004CE5EE /* Network */ = {
			isa = PBXGroup;
			children = (
				4B46482D28D1636A004CE5EE /* NetworkManager.swift */,
			);
			path = Network;
			sourceTree = "<group>";
		};
		4B46482F28D163BA004CE5EE /* Model */ = {
			isa = PBXGroup;
			children = (
				9197817928DA0F8A00766228 /* Mock */,
				4B46483028D163C5004CE5EE /* CEPModel.swift */,
				9197817B28DA100D00766228 /* RestaurantModel.swift */,
			);
			path = Model;
			sourceTree = "<group>";
		};
		4B46483228D168C6004CE5EE /* RegisterAddress */ = {
			isa = PBXGroup;
			children = (
				4B46483528D168F0004CE5EE /* RegisterAddressView.swift */,
				4B46483328D168E6004CE5EE /* RegisterAddressViewController.swift */,
				4B46483928D17137004CE5EE /* RegisterAddressViewModel.swift */,
			);
			path = RegisterAddress;
			sourceTree = "<group>";
		};
		911E792F28BD602600CF4F1B /* Login */ = {
			isa = PBXGroup;
			children = (
				911E792D28BD4BE300CF4F1B /* LoginView.swift */,
				2E4C5A5A28B99838003712C5 /* LoginViewController.swift */,
			);
			path = Login;
			sourceTree = "<group>";
		};
		911E793028BD603300CF4F1B /* Register */ = {
			isa = PBXGroup;
			children = (
				4B46483228D168C6004CE5EE /* RegisterAddress */,
				91AC831228BD9D3700EC98DE /* RegisterView.swift */,
				91AC831028BD9D2700EC98DE /* RegisterViewController.swift */,
			);
			path = Register;
			sourceTree = "<group>";
		};
		9149393328C14595005C7B83 /* MyReservation */ = {
			isa = PBXGroup;
			children = (
				9149393628C145C4005C7B83 /* MyReservationView.swift */,
				9149393428C145B3005C7B83 /* MyReservationViewController.swift */,
				91F43D4B28E28F5F00F42AFA /* MyReservationTableViewCell.swift */,
			);
			path = MyReservation;
			sourceTree = "<group>";
		};
		9197817928DA0F8A00766228 /* Mock */ = {
			isa = PBXGroup;
			children = (
				9197817A28DA0FBC00766228 /* server-response.json */,
			);
			path = Mock;
			sourceTree = "<group>";
		};
		91AC831428BDB41B00EC98DE /* Home */ = {
			isa = PBXGroup;
			children = (
				91AC831728BDB46000EC98DE /* HomeView.swift */,
				91AC831528BDB44D00EC98DE /* HomeViewController.swift */,
				3AD7824528BDD2EF00BD679C /* RestaurantCollectionViewCellCollectionViewCell.swift */,
				91D78A0928BEB3E700582AC6 /* CarouselCollectionViewCell.swift */,
			);
			path = Home;
			sourceTree = "<group>";
		};
		91D18C9328D274260036AFD5 /* Perfil */ = {
			isa = PBXGroup;
			children = (
				91D18C9428D274350036AFD5 /* PerfilView.swift */,
				91D18C9628D274660036AFD5 /* PerfilViewController.swift */,
			);
			path = Perfil;
			sourceTree = "<group>";
		};
		91D78A0428BEAAFA00582AC6 /* Infos */ = {
			isa = PBXGroup;
			children = (
				91D78A0528BEAB0F00582AC6 /* InfosView.swift */,
				91D78A0728BEAB2200582AC6 /* InfosViewController.swift */,
			);
			path = Infos;
			sourceTree = "<group>";
		};
		9E84DB15DCCE8DEFDDDC7D63 /* Pods */ = {
			isa = PBXGroup;
			children = (
				FCF4B613F44AF0D786D555A3 /* Pods-Appetito.debug.xcconfig */,
				8ECAEAAA4B9B36E0E30F272B /* Pods-Appetito.release.xcconfig */,
			);
			path = Pods;
			sourceTree = "<group>";
		};
		AD16716E91CAB35FC6583D01 /* Frameworks */ = {
			isa = PBXGroup;
			children = (
				2E3121EC28E0D44900D012BF /* Appetito.app */,
				3F54A130E146973B55E90AFE /* Pods_Appetito.framework */,
			);
			name = Frameworks;
			sourceTree = "<group>";
		};
/* End PBXGroup section */

/* Begin PBXNativeTarget section */
		2E4C5A5228B99838003712C5 /* Appetito */ = {
			isa = PBXNativeTarget;
			buildConfigurationList = 2E4C5A6728B9983B003712C5 /* Build configuration list for PBXNativeTarget "Appetito" */;
			buildPhases = (
				822189B43BCA001926EC6C1A /* [CP] Check Pods Manifest.lock */,
				2E4C5A4F28B99838003712C5 /* Sources */,
				2E4C5A5028B99838003712C5 /* Frameworks */,
				2E4C5A5128B99838003712C5 /* Resources */,
				39F5B02C65F6501AC26794AF /* [CP] Embed Pods Frameworks */,
			);
			buildRules = (
			);
			dependencies = (
			);
			name = Appetito;
			productName = Appetito;
			productReference = 2E3121EA28E0D40400D012BF /* Appetito.app */;
			productType = "com.apple.product-type.application";
		};
/* End PBXNativeTarget section */

/* Begin PBXProject section */
		2E4C5A4B28B99838003712C5 /* Project object */ = {
			isa = PBXProject;
			attributes = {
				BuildIndependentTargetsInParallel = 1;
				LastSwiftUpdateCheck = 1340;
				LastUpgradeCheck = 1340;
				TargetAttributes = {
					2E4C5A5228B99838003712C5 = {
						CreatedOnToolsVersion = 13.4.1;
					};
				};
			};
			buildConfigurationList = 2E4C5A4E28B99838003712C5 /* Build configuration list for PBXProject "Appetito" */;
			compatibilityVersion = "Xcode 13.0";
			developmentRegion = en;
			hasScannedForEncodings = 0;
			knownRegions = (
				en,
				Base,
			);
			mainGroup = 2E4C5A4A28B99838003712C5;
			productRefGroup = 2E4C5A4A28B99838003712C5;
			projectDirPath = "";
			projectRoot = "";
			targets = (
				2E4C5A5228B99838003712C5 /* Appetito */,
			);
		};
/* End PBXProject section */

/* Begin PBXResourcesBuildPhase section */
		2E4C5A5128B99838003712C5 /* Resources */ = {
			isa = PBXResourcesBuildPhase;
			buildActionMask = 2147483647;
			files = (
				2E4C5A6328B9983B003712C5 /* LaunchScreen.storyboard in Resources */,
				9106A1BD28E0C3EB00AD0270 /* GoogleService-Info.plist in Resources */,
				2E4C5A6028B9983B003712C5 /* Assets.xcassets in Resources */,
				9197818428DA339D00766228 /* server-response.json in Resources */,
			);
			runOnlyForDeploymentPostprocessing = 0;
		};
/* End PBXResourcesBuildPhase section */

/* Begin PBXShellScriptBuildPhase section */
		39F5B02C65F6501AC26794AF /* [CP] Embed Pods Frameworks */ = {
			isa = PBXShellScriptBuildPhase;
			buildActionMask = 2147483647;
			files = (
			);
			inputFileListPaths = (
				"${PODS_ROOT}/Target Support Files/Pods-Appetito/Pods-Appetito-frameworks-${CONFIGURATION}-input-files.xcfilelist",
			);
			name = "[CP] Embed Pods Frameworks";
			outputFileListPaths = (
				"${PODS_ROOT}/Target Support Files/Pods-Appetito/Pods-Appetito-frameworks-${CONFIGURATION}-output-files.xcfilelist",
			);
			runOnlyForDeploymentPostprocessing = 0;
			shellPath = /bin/sh;
			shellScript = "\"${PODS_ROOT}/Target Support Files/Pods-Appetito/Pods-Appetito-frameworks.sh\"\n";
			showEnvVarsInLog = 0;
		};
		822189B43BCA001926EC6C1A /* [CP] Check Pods Manifest.lock */ = {
			isa = PBXShellScriptBuildPhase;
			buildActionMask = 2147483647;
			files = (
			);
			inputFileListPaths = (
			);
			inputPaths = (
				"${PODS_PODFILE_DIR_PATH}/Podfile.lock",
				"${PODS_ROOT}/Manifest.lock",
			);
			name = "[CP] Check Pods Manifest.lock";
			outputFileListPaths = (
			);
			outputPaths = (
				"$(DERIVED_FILE_DIR)/Pods-Appetito-checkManifestLockResult.txt",
			);
			runOnlyForDeploymentPostprocessing = 0;
			shellPath = /bin/sh;
			shellScript = "diff \"${PODS_PODFILE_DIR_PATH}/Podfile.lock\" \"${PODS_ROOT}/Manifest.lock\" > /dev/null\nif [ $? != 0 ] ; then\n    # print error to STDERR\n    echo \"error: The sandbox is not in sync with the Podfile.lock. Run 'pod install' or update your CocoaPods installation.\" >&2\n    exit 1\nfi\n# This output is used by Xcode 'outputs' to avoid re-running this script phase.\necho \"SUCCESS\" > \"${SCRIPT_OUTPUT_FILE_0}\"\n";
			showEnvVarsInLog = 0;
		};
/* End PBXShellScriptBuildPhase section */

/* Begin PBXSourcesBuildPhase section */
		2E4C5A4F28B99838003712C5 /* Sources */ = {
			isa = PBXSourcesBuildPhase;
			buildActionMask = 2147483647;
			files = (
				91D78A0A28BEB3E700582AC6 /* CarouselCollectionViewCell.swift in Sources */,
				3AF89B0A28C07D8000585BFF /* ReservationView.swift in Sources */,
				4B46483628D168F0004CE5EE /* RegisterAddressView.swift in Sources */,
				91AC831128BD9D2700EC98DE /* RegisterViewController.swift in Sources */,
				9197817C28DA100D00766228 /* RestaurantModel.swift in Sources */,
				4B46482E28D1636A004CE5EE /* NetworkManager.swift in Sources */,
				91AC831328BD9D3700EC98DE /* RegisterView.swift in Sources */,
				2E4C5A5B28B99838003712C5 /* LoginViewController.swift in Sources */,
				3AD7824628BDD2EF00BD679C /* RestaurantCollectionViewCellCollectionViewCell.swift in Sources */,
				911E792C28BD353C00CF4F1B /* InitialViewController.swift in Sources */,
				4B46483828D16D87004CE5EE /* CustomAlert.swift in Sources */,
				91F43D4C28E28F5F00F42AFA /* MyReservationTableViewCell.swift in Sources */,
				91D78A0828BEAB2200582AC6 /* InfosViewController.swift in Sources */,
				2E4C5A6C28B998C4003712C5 /* ViewConfiguration.swift in Sources */,
				2EC8EE9128E52F0300CA4422 /* User+CoreDataClass.swift in Sources */,
				4B46483128D163C5004CE5EE /* CEPModel.swift in Sources */,
				2E1FFD5828E0B1BC00B8E260 /* BaseViewController.swift in Sources */,
				9149393728C145C4005C7B83 /* MyReservationView.swift in Sources */,
				916D8F4D28DBBDBA00805C8E /* ExtensionRagex.swift in Sources */,
				2E4C5A5728B99838003712C5 /* AppDelegate.swift in Sources */,
				9149393528C145B3005C7B83 /* MyReservationViewController.swift in Sources */,
				2EC8EE9228E52F0300CA4422 /* User+CoreDataProperties.swift in Sources */,
				2E4C5A7628B9AA0E003712C5 /* InitialView.swift in Sources */,
				91D78A0628BEAB0F00582AC6 /* InfosView.swift in Sources */,
				2EC8EE6828E526F000CA4422 /* AppetitoCoreData.xcdatamodeld in Sources */,
				4B46483428D168E6004CE5EE /* RegisterAddressViewController.swift in Sources */,
				91AC831628BDB44D00EC98DE /* HomeViewController.swift in Sources */,
				4B46483A28D17137004CE5EE /* RegisterAddressViewModel.swift in Sources */,
				2E34CF2428E722F70020AA8E /* AppetitoTextField.swift in Sources */,
				911E792E28BD4BE300CF4F1B /* LoginView.swift in Sources */,
				91AC831828BDB46000EC98DE /* HomeView.swift in Sources */,
				2E4C5A5928B99838003712C5 /* SceneDelegate.swift in Sources */,
				2E4C5A7128B99C6C003712C5 /* AppButton.swift in Sources */,
				91D18C9528D274350036AFD5 /* PerfilView.swift in Sources */,
				91D18C9728D274660036AFD5 /* PerfilViewController.swift in Sources */,
				2EC8EE8E28E528BC00CA4422 /* CoreDataManager.swift in Sources */,
				3AF89B0828C066A000585BFF /* ReservationViewController.swift in Sources */,
			);
			runOnlyForDeploymentPostprocessing = 0;
		};
/* End PBXSourcesBuildPhase section */

/* Begin PBXVariantGroup section */
		2E4C5A6128B9983B003712C5 /* LaunchScreen.storyboard */ = {
			isa = PBXVariantGroup;
			children = (
				2E4C5A6228B9983B003712C5 /* Base */,
			);
			name = LaunchScreen.storyboard;
			sourceTree = "<group>";
		};
/* End PBXVariantGroup section */

/* Begin XCBuildConfiguration section */
		2E4C5A6528B9983B003712C5 /* Debug */ = {
			isa = XCBuildConfiguration;
			buildSettings = {
				ALWAYS_SEARCH_USER_PATHS = NO;
				CLANG_ANALYZER_NONNULL = YES;
				CLANG_ANALYZER_NUMBER_OBJECT_CONVERSION = YES_AGGRESSIVE;
				CLANG_CXX_LANGUAGE_STANDARD = "gnu++17";
				CLANG_ENABLE_MODULES = YES;
				CLANG_ENABLE_OBJC_ARC = YES;
				CLANG_ENABLE_OBJC_WEAK = YES;
				CLANG_WARN_BLOCK_CAPTURE_AUTORELEASING = YES;
				CLANG_WARN_BOOL_CONVERSION = YES;
				CLANG_WARN_COMMA = YES;
				CLANG_WARN_CONSTANT_CONVERSION = YES;
				CLANG_WARN_DEPRECATED_OBJC_IMPLEMENTATIONS = YES;
				CLANG_WARN_DIRECT_OBJC_ISA_USAGE = YES_ERROR;
				CLANG_WARN_DOCUMENTATION_COMMENTS = YES;
				CLANG_WARN_EMPTY_BODY = YES;
				CLANG_WARN_ENUM_CONVERSION = YES;
				CLANG_WARN_INFINITE_RECURSION = YES;
				CLANG_WARN_INT_CONVERSION = YES;
				CLANG_WARN_NON_LITERAL_NULL_CONVERSION = YES;
				CLANG_WARN_OBJC_IMPLICIT_RETAIN_SELF = YES;
				CLANG_WARN_OBJC_LITERAL_CONVERSION = YES;
				CLANG_WARN_OBJC_ROOT_CLASS = YES_ERROR;
				CLANG_WARN_QUOTED_INCLUDE_IN_FRAMEWORK_HEADER = YES;
				CLANG_WARN_RANGE_LOOP_ANALYSIS = YES;
				CLANG_WARN_STRICT_PROTOTYPES = YES;
				CLANG_WARN_SUSPICIOUS_MOVE = YES;
				CLANG_WARN_UNGUARDED_AVAILABILITY = YES_AGGRESSIVE;
				CLANG_WARN_UNREACHABLE_CODE = YES;
				CLANG_WARN__DUPLICATE_METHOD_MATCH = YES;
				COPY_PHASE_STRIP = NO;
				DEBUG_INFORMATION_FORMAT = dwarf;
				ENABLE_STRICT_OBJC_MSGSEND = YES;
				ENABLE_TESTABILITY = YES;
				GCC_C_LANGUAGE_STANDARD = gnu11;
				GCC_DYNAMIC_NO_PIC = NO;
				GCC_NO_COMMON_BLOCKS = YES;
				GCC_OPTIMIZATION_LEVEL = 0;
				GCC_PREPROCESSOR_DEFINITIONS = (
					"DEBUG=1",
					"$(inherited)",
				);
				GCC_WARN_64_TO_32_BIT_CONVERSION = YES;
				GCC_WARN_ABOUT_RETURN_TYPE = YES_ERROR;
				GCC_WARN_UNDECLARED_SELECTOR = YES;
				GCC_WARN_UNINITIALIZED_AUTOS = YES_AGGRESSIVE;
				GCC_WARN_UNUSED_FUNCTION = YES;
				GCC_WARN_UNUSED_VARIABLE = YES;
				IPHONEOS_DEPLOYMENT_TARGET = 13.0;
				MTL_ENABLE_DEBUG_INFO = INCLUDE_SOURCE;
				MTL_FAST_MATH = YES;
				ONLY_ACTIVE_ARCH = YES;
				SDKROOT = iphoneos;
				SWIFT_ACTIVE_COMPILATION_CONDITIONS = DEBUG;
				SWIFT_OPTIMIZATION_LEVEL = "-Onone";
			};
			name = Debug;
		};
		2E4C5A6628B9983B003712C5 /* Release */ = {
			isa = XCBuildConfiguration;
			buildSettings = {
				ALWAYS_SEARCH_USER_PATHS = NO;
				CLANG_ANALYZER_NONNULL = YES;
				CLANG_ANALYZER_NUMBER_OBJECT_CONVERSION = YES_AGGRESSIVE;
				CLANG_CXX_LANGUAGE_STANDARD = "gnu++17";
				CLANG_ENABLE_MODULES = YES;
				CLANG_ENABLE_OBJC_ARC = YES;
				CLANG_ENABLE_OBJC_WEAK = YES;
				CLANG_WARN_BLOCK_CAPTURE_AUTORELEASING = YES;
				CLANG_WARN_BOOL_CONVERSION = YES;
				CLANG_WARN_COMMA = YES;
				CLANG_WARN_CONSTANT_CONVERSION = YES;
				CLANG_WARN_DEPRECATED_OBJC_IMPLEMENTATIONS = YES;
				CLANG_WARN_DIRECT_OBJC_ISA_USAGE = YES_ERROR;
				CLANG_WARN_DOCUMENTATION_COMMENTS = YES;
				CLANG_WARN_EMPTY_BODY = YES;
				CLANG_WARN_ENUM_CONVERSION = YES;
				CLANG_WARN_INFINITE_RECURSION = YES;
				CLANG_WARN_INT_CONVERSION = YES;
				CLANG_WARN_NON_LITERAL_NULL_CONVERSION = YES;
				CLANG_WARN_OBJC_IMPLICIT_RETAIN_SELF = YES;
				CLANG_WARN_OBJC_LITERAL_CONVERSION = YES;
				CLANG_WARN_OBJC_ROOT_CLASS = YES_ERROR;
				CLANG_WARN_QUOTED_INCLUDE_IN_FRAMEWORK_HEADER = YES;
				CLANG_WARN_RANGE_LOOP_ANALYSIS = YES;
				CLANG_WARN_STRICT_PROTOTYPES = YES;
				CLANG_WARN_SUSPICIOUS_MOVE = YES;
				CLANG_WARN_UNGUARDED_AVAILABILITY = YES_AGGRESSIVE;
				CLANG_WARN_UNREACHABLE_CODE = YES;
				CLANG_WARN__DUPLICATE_METHOD_MATCH = YES;
				COPY_PHASE_STRIP = NO;
				DEBUG_INFORMATION_FORMAT = "dwarf-with-dsym";
				ENABLE_NS_ASSERTIONS = NO;
				ENABLE_STRICT_OBJC_MSGSEND = YES;
				GCC_C_LANGUAGE_STANDARD = gnu11;
				GCC_NO_COMMON_BLOCKS = YES;
				GCC_WARN_64_TO_32_BIT_CONVERSION = YES;
				GCC_WARN_ABOUT_RETURN_TYPE = YES_ERROR;
				GCC_WARN_UNDECLARED_SELECTOR = YES;
				GCC_WARN_UNINITIALIZED_AUTOS = YES_AGGRESSIVE;
				GCC_WARN_UNUSED_FUNCTION = YES;
				GCC_WARN_UNUSED_VARIABLE = YES;
				IPHONEOS_DEPLOYMENT_TARGET = 13.0;
				MTL_ENABLE_DEBUG_INFO = NO;
				MTL_FAST_MATH = YES;
				SDKROOT = iphoneos;
				SWIFT_COMPILATION_MODE = wholemodule;
				SWIFT_OPTIMIZATION_LEVEL = "-O";
				VALIDATE_PRODUCT = YES;
			};
			name = Release;
		};
		2E4C5A6828B9983B003712C5 /* Debug */ = {
			isa = XCBuildConfiguration;
			baseConfigurationReference = FCF4B613F44AF0D786D555A3 /* Pods-Appetito.debug.xcconfig */;
			buildSettings = {
				ASSETCATALOG_COMPILER_APPICON_NAME = AppIcon;
				ASSETCATALOG_COMPILER_GLOBAL_ACCENT_COLOR_NAME = AccentColor;
				CODE_SIGN_STYLE = Automatic;
				CURRENT_PROJECT_VERSION = 1;
				DEVELOPMENT_TEAM = Z97L846NHP;
				GENERATE_INFOPLIST_FILE = YES;
				INFOPLIST_FILE = Appetito/Info.plist;
				INFOPLIST_KEY_UIApplicationSupportsIndirectInputEvents = YES;
				INFOPLIST_KEY_UILaunchStoryboardName = LaunchScreen;
				INFOPLIST_KEY_UISupportedInterfaceOrientations_iPad = "UIInterfaceOrientationPortrait UIInterfaceOrientationPortraitUpsideDown UIInterfaceOrientationLandscapeLeft UIInterfaceOrientationLandscapeRight";
				INFOPLIST_KEY_UISupportedInterfaceOrientations_iPhone = "UIInterfaceOrientationPortrait UIInterfaceOrientationLandscapeLeft UIInterfaceOrientationLandscapeRight";
				IPHONEOS_DEPLOYMENT_TARGET = 13.4;
				LD_RUNPATH_SEARCH_PATHS = (
					"$(inherited)",
					"@executable_path/Frameworks",
				);
				MARKETING_VERSION = 1.0;
				PRODUCT_BUNDLE_IDENTIFIER = com.appetito.Appetito;
				PRODUCT_NAME = "$(TARGET_NAME)";
				SWIFT_EMIT_LOC_STRINGS = YES;
				SWIFT_VERSION = 5.0;
				TARGETED_DEVICE_FAMILY = 1;
			};
			name = Debug;
		};
		2E4C5A6928B9983B003712C5 /* Release */ = {
			isa = XCBuildConfiguration;
			baseConfigurationReference = 8ECAEAAA4B9B36E0E30F272B /* Pods-Appetito.release.xcconfig */;
			buildSettings = {
				ASSETCATALOG_COMPILER_APPICON_NAME = AppIcon;
				ASSETCATALOG_COMPILER_GLOBAL_ACCENT_COLOR_NAME = AccentColor;
				CODE_SIGN_STYLE = Automatic;
				CURRENT_PROJECT_VERSION = 1;
				DEVELOPMENT_TEAM = Z97L846NHP;
				GENERATE_INFOPLIST_FILE = YES;
				INFOPLIST_FILE = Appetito/Info.plist;
				INFOPLIST_KEY_UIApplicationSupportsIndirectInputEvents = YES;
				INFOPLIST_KEY_UILaunchStoryboardName = LaunchScreen;
				INFOPLIST_KEY_UISupportedInterfaceOrientations_iPad = "UIInterfaceOrientationPortrait UIInterfaceOrientationPortraitUpsideDown UIInterfaceOrientationLandscapeLeft UIInterfaceOrientationLandscapeRight";
				INFOPLIST_KEY_UISupportedInterfaceOrientations_iPhone = "UIInterfaceOrientationPortrait UIInterfaceOrientationLandscapeLeft UIInterfaceOrientationLandscapeRight";
				IPHONEOS_DEPLOYMENT_TARGET = 13.4;
				LD_RUNPATH_SEARCH_PATHS = (
					"$(inherited)",
					"@executable_path/Frameworks",
				);
				MARKETING_VERSION = 1.0;
				PRODUCT_BUNDLE_IDENTIFIER = com.appetito.Appetito;
				PRODUCT_NAME = "$(TARGET_NAME)";
				SWIFT_EMIT_LOC_STRINGS = YES;
				SWIFT_VERSION = 5.0;
				TARGETED_DEVICE_FAMILY = 1;
			};
			name = Release;
		};
/* End XCBuildConfiguration section */

/* Begin XCConfigurationList section */
		2E4C5A4E28B99838003712C5 /* Build configuration list for PBXProject "Appetito" */ = {
			isa = XCConfigurationList;
			buildConfigurations = (
				2E4C5A6528B9983B003712C5 /* Debug */,
				2E4C5A6628B9983B003712C5 /* Release */,
			);
			defaultConfigurationIsVisible = 0;
			defaultConfigurationName = Release;
		};
		2E4C5A6728B9983B003712C5 /* Build configuration list for PBXNativeTarget "Appetito" */ = {
			isa = XCConfigurationList;
			buildConfigurations = (
				2E4C5A6828B9983B003712C5 /* Debug */,
				2E4C5A6928B9983B003712C5 /* Release */,
			);
			defaultConfigurationIsVisible = 0;
			defaultConfigurationName = Release;
		};
/* End XCConfigurationList section */

/* Begin XCVersionGroup section */
		2EC8EE6628E526F000CA4422 /* AppetitoCoreData.xcdatamodeld */ = {
			isa = XCVersionGroup;
			children = (
				2EC8EE6728E526F000CA4422 /* AppetitoCoreData.xcdatamodel */,
			);
			currentVersion = 2EC8EE6728E526F000CA4422 /* AppetitoCoreData.xcdatamodel */;
			path = AppetitoCoreData.xcdatamodeld;
			sourceTree = "<group>";
			versionGroupType = wrapper.xcdatamodel;
		};
/* End XCVersionGroup section */
	};
	rootObject = 2E4C5A4B28B99838003712C5 /* Project object */;
}
